
Microsoft Visual Studio Solution File, Format Version 12.00
# Visual Studio 15
VisualStudioVersion = 15.0.28010.2046
MinimumVisualStudioVersion = 10.0.40219.1
Project("{9A19103F-16F7-4668-BE54-9A1E7A4F7556}") = "BookShoppingLib", "Kata2Lib\BookShoppingLib.csproj", "{2559B3B9-B516-4E95-8E0C-84D0ABD191EE}"
EndProject
Project("{FAE04EC0-301F-11D3-BF4B-00C04F79EFBC}") = "BookShopping_UnitTest", "Kata2_UnitTest\BookShopping_UnitTest.csproj", "{F4231975-7963-4FCF-871B-C40A82AB1B8B}"
EndProject
Project("{FAE04EC0-301F-11D3-BF4B-00C04F79EFBC}") = "BookShoppingWebApplication", "BookShoppingWebApplication\BookShoppingWebApplication.csproj", "{F69BF3C3-DFA9-4C36-89C1-CE4B135B1D1D}"
EndProject
Global
	GlobalSection(SolutionConfigurationPlatforms) = preSolution
		Debug|Any CPU = Debug|Any CPU
		Release|Any CPU = Release|Any CPU
	EndGlobalSection
	GlobalSection(ProjectConfigurationPlatforms) = postSolution
		{2559B3B9-B516-4E95-8E0C-84D0ABD191EE}.Debug|Any CPU.ActiveCfg = Debug|Any CPU
		{2559B3B9-B516-4E95-8E0C-84D0ABD191EE}.Debug|Any CPU.Build.0 = Debug|Any CPU
		{2559B3B9-B516-4E95-8E0C-84D0ABD191EE}.Release|Any CPU.ActiveCfg = Release|Any CPU
		{2559B3B9-B516-4E95-8E0C-84D0ABD191EE}.Release|Any CPU.Build.0 = Release|Any CPU
		{F4231975-7963-4FCF-871B-C40A82AB1B8B}.Debug|Any CPU.ActiveCfg = Debug|Any CPU
		{F4231975-7963-4FCF-871B-C40A82AB1B8B}.Debug|Any CPU.Build.0 = Debug|Any CPU
		{F4231975-7963-4FCF-871B-C40A82AB1B8B}.Release|Any CPU.ActiveCfg = Release|Any CPU
		{F4231975-7963-4FCF-871B-C40A82AB1B8B}.Release|Any CPU.Build.0 = Release|Any CPU
		{F69BF3C3-DFA9-4C36-89C1-CE4B135B1D1D}.Debug|Any CPU.ActiveCfg = Debug|Any CPU
		{F69BF3C3-DFA9-4C36-89C1-CE4B135B1D1D}.Debug|Any CPU.Build.0 = Debug|Any CPU
		{F69BF3C3-DFA9-4C36-89C1-CE4B135B1D1D}.Release|Any CPU.ActiveCfg = Release|Any CPU
		{F69BF3C3-DFA9-4C36-89C1-CE4B135B1D1D}.Release|Any CPU.Build.0 = Release|Any CPU
	EndGlobalSection
	GlobalSection(SolutionProperties) = preSolution
		HideSolutionNode = FALSE
	EndGlobalSection
	GlobalSection(ExtensibilityGlobals) = postSolution
		SolutionGuid = {C1EED0A5-F312-411C-A010-2159C3ED4D07}
	EndGlobalSection
EndGlobal
